[[package]]
name = "click"
version = "8.1.3"
description = "Composable command line interface toolkit"
category = "main"
optional = false
python-versions = ">=3.7"

[package.dependencies]
colorama = {version = "*", markers = "platform_system == \"Windows\""}

[[package]]
name = "colorama"
version = "0.4.6"
description = "Cross-platform colored terminal text."
category = "main"
optional = false
python-versions = "!=3.0.*,!=3.1.*,!=3.2.*,!=3.3.*,!=3.4.*,!=3.5.*,!=3.6.*,>=2.7"

[[package]]
name = "dlib"
version = "19.24.0"
description = "A toolkit for making real world machine learning and data analysis applications"
category = "main"
optional = false
python-versions = "*"

[[package]]
name = "face-recognition"
version = "1.3.0"
description = "Recognize faces from Python or from the command line"
category = "main"
optional = false
python-versions = "*"

[package.dependencies]
Click = ">=6.0"
dlib = ">=19.7"
face-recognition-models = ">=0.3.0"
numpy = "*"
Pillow = "*"

[[package]]
name = "face-recognition-models"
version = "0.3.0"
description = "Models used by the face_recognition package."
category = "main"
optional = false
python-versions = "*"

[[package]]
name = "numpy"
version = "1.23.5"
description = "NumPy is the fundamental package for array computing with Python."
category = "main"
optional = false
python-versions = ">=3.8"

[[package]]
name = "pillow"
version = "9.3.0"
description = "Python Imaging Library (Fork)"
category = "main"
optional = false
python-versions = ">=3.7"

[package.extras]
docs = ["furo", "olefile", "sphinx (>=2.4)", "sphinx-copybutton", "sphinx-issues (>=3.0.1)", "sphinx-removed-in", "sphinxext-opengraph"]
tests = ["check-manifest", "coverage", "defusedxml", "markdown2", "olefile", "packaging", "pyroma", "pytest", "pytest-cov", "pytest-timeout"]

[metadata]
lock-version = "1.1"
python-versions = "^3.9"
content-hash = "0a69be55d6605a5821dee46fde45a6b7e68c0faeebbf5b17577c3ee5168818e5"

[metadata.files]
click = []
colorama = []
dlib = []
face-recognition = []
face-recognition-models = []
numpy = []
pillow = []
